
Microsoft Visual Studio Solution File, Format Version 11.00
# Visual Studio 2010
# SharpDevelop 4.4
Project("{FD48973F-F585-4F70-812B-4D0503B36CE9}") = "prog_152a", "prog_152a\prog_152a.pyproj", "{91FDD78D-6444-4350-A9BA-BA0DC282C5EC}"
EndProject
Global
	GlobalSection(SolutionConfigurationPlatforms) = preSolution
		Debug|Any CPU = Debug|Any CPU
		Release|Any CPU = Release|Any CPU
	EndGlobalSection
	GlobalSection(ProjectConfigurationPlatforms) = postSolution
		{91FDD78D-6444-4350-A9BA-BA0DC282C5EC}.Debug|Any CPU.Build.0 = Debug|Any CPU
		{91FDD78D-6444-4350-A9BA-BA0DC282C5EC}.Debug|Any CPU.ActiveCfg = Debug|Any CPU
		{91FDD78D-6444-4350-A9BA-BA0DC282C5EC}.Release|Any CPU.Build.0 = Release|Any CPU
		{91FDD78D-6444-4350-A9BA-BA0DC282C5EC}.Release|Any CPU.ActiveCfg = Release|Any CPU
	EndGlobalSection
EndGlobal
