
Microsoft Visual Studio Solution File, Format Version 11.00
# Visual Studio 2010
# SharpDevelop 4.4
Project("{FD48973F-F585-4F70-812B-4D0503B36CE9}") = "prog_122d", "prog_122d\prog_122d.pyproj", "{EFE498C4-A959-44F5-9CF1-C47A43EFC1E7}"
EndProject
Global
	GlobalSection(SolutionConfigurationPlatforms) = preSolution
		Debug|Any CPU = Debug|Any CPU
		Release|Any CPU = Release|Any CPU
	EndGlobalSection
	GlobalSection(ProjectConfigurationPlatforms) = postSolution
		{EFE498C4-A959-44F5-9CF1-C47A43EFC1E7}.Debug|Any CPU.Build.0 = Debug|Any CPU
		{EFE498C4-A959-44F5-9CF1-C47A43EFC1E7}.Debug|Any CPU.ActiveCfg = Debug|Any CPU
		{EFE498C4-A959-44F5-9CF1-C47A43EFC1E7}.Release|Any CPU.Build.0 = Release|Any CPU
		{EFE498C4-A959-44F5-9CF1-C47A43EFC1E7}.Release|Any CPU.ActiveCfg = Release|Any CPU
	EndGlobalSection
EndGlobal
