
Microsoft Visual Studio Solution File, Format Version 11.00
# Visual Studio 2010
# SharpDevelop 4.4
Project("{FD48973F-F585-4F70-812B-4D0503B36CE9}") = "prog_122a", "prog_122a\prog_122a.pyproj", "{E398B026-FEAE-4399-BA20-C51145102EA6}"
EndProject
Global
	GlobalSection(SolutionConfigurationPlatforms) = preSolution
		Debug|Any CPU = Debug|Any CPU
		Release|Any CPU = Release|Any CPU
	EndGlobalSection
	GlobalSection(ProjectConfigurationPlatforms) = postSolution
		{E398B026-FEAE-4399-BA20-C51145102EA6}.Debug|Any CPU.Build.0 = Debug|Any CPU
		{E398B026-FEAE-4399-BA20-C51145102EA6}.Debug|Any CPU.ActiveCfg = Debug|Any CPU
		{E398B026-FEAE-4399-BA20-C51145102EA6}.Release|Any CPU.Build.0 = Release|Any CPU
		{E398B026-FEAE-4399-BA20-C51145102EA6}.Release|Any CPU.ActiveCfg = Release|Any CPU
	EndGlobalSection
EndGlobal
