
Microsoft Visual Studio Solution File, Format Version 11.00
# Visual Studio 2010
# SharpDevelop 4.4
Project("{FD48973F-F585-4F70-812B-4D0503B36CE9}") = "prog_54a", "prog_54a\prog_54a.pyproj", "{05A4D30E-9754-4771-B47F-CC55E1B42118}"
EndProject
Global
	GlobalSection(SolutionConfigurationPlatforms) = preSolution
		Debug|Any CPU = Debug|Any CPU
		Release|Any CPU = Release|Any CPU
	EndGlobalSection
	GlobalSection(ProjectConfigurationPlatforms) = postSolution
		{05A4D30E-9754-4771-B47F-CC55E1B42118}.Debug|Any CPU.Build.0 = Debug|Any CPU
		{05A4D30E-9754-4771-B47F-CC55E1B42118}.Debug|Any CPU.ActiveCfg = Debug|Any CPU
		{05A4D30E-9754-4771-B47F-CC55E1B42118}.Release|Any CPU.Build.0 = Release|Any CPU
		{05A4D30E-9754-4771-B47F-CC55E1B42118}.Release|Any CPU.ActiveCfg = Release|Any CPU
	EndGlobalSection
EndGlobal
