
Microsoft Visual Studio Solution File, Format Version 11.00
# Visual Studio 2010
# SharpDevelop 4.4
Project("{FD48973F-F585-4F70-812B-4D0503B36CE9}") = "prog_122b", "prog_122b\prog_122b.pyproj", "{E1C4DB2B-0BD5-4A71-B940-B0649C629510}"
EndProject
Global
	GlobalSection(SolutionConfigurationPlatforms) = preSolution
		Debug|Any CPU = Debug|Any CPU
		Release|Any CPU = Release|Any CPU
	EndGlobalSection
	GlobalSection(ProjectConfigurationPlatforms) = postSolution
		{E1C4DB2B-0BD5-4A71-B940-B0649C629510}.Debug|Any CPU.Build.0 = Debug|Any CPU
		{E1C4DB2B-0BD5-4A71-B940-B0649C629510}.Debug|Any CPU.ActiveCfg = Debug|Any CPU
		{E1C4DB2B-0BD5-4A71-B940-B0649C629510}.Release|Any CPU.Build.0 = Release|Any CPU
		{E1C4DB2B-0BD5-4A71-B940-B0649C629510}.Release|Any CPU.ActiveCfg = Release|Any CPU
	EndGlobalSection
EndGlobal
