
Microsoft Visual Studio Solution File, Format Version 11.00
# Visual Studio 2010
# SharpDevelop 4.4
Project("{FD48973F-F585-4F70-812B-4D0503B36CE9}") = "prog_162b", "prog_162b\prog_162b.pyproj", "{02EC68E2-EAFE-487D-9A40-027C38725FA8}"
EndProject
Global
	GlobalSection(SolutionConfigurationPlatforms) = preSolution
		Debug|Any CPU = Debug|Any CPU
		Release|Any CPU = Release|Any CPU
	EndGlobalSection
	GlobalSection(ProjectConfigurationPlatforms) = postSolution
		{02EC68E2-EAFE-487D-9A40-027C38725FA8}.Debug|Any CPU.Build.0 = Debug|Any CPU
		{02EC68E2-EAFE-487D-9A40-027C38725FA8}.Debug|Any CPU.ActiveCfg = Debug|Any CPU
		{02EC68E2-EAFE-487D-9A40-027C38725FA8}.Release|Any CPU.Build.0 = Release|Any CPU
		{02EC68E2-EAFE-487D-9A40-027C38725FA8}.Release|Any CPU.ActiveCfg = Release|Any CPU
	EndGlobalSection
EndGlobal
