
Microsoft Visual Studio Solution File, Format Version 11.00
# Visual Studio 2010
# SharpDevelop 4.4
Project("{FD48973F-F585-4F70-812B-4D0503B36CE9}") = "prog76a", "prog76a\prog76a.pyproj", "{202CA247-7835-4ABA-88B8-FA1D0932A427}"
EndProject
Global
	GlobalSection(SolutionConfigurationPlatforms) = preSolution
		Debug|Any CPU = Debug|Any CPU
		Release|Any CPU = Release|Any CPU
	EndGlobalSection
	GlobalSection(ProjectConfigurationPlatforms) = postSolution
		{202CA247-7835-4ABA-88B8-FA1D0932A427}.Debug|Any CPU.Build.0 = Debug|Any CPU
		{202CA247-7835-4ABA-88B8-FA1D0932A427}.Debug|Any CPU.ActiveCfg = Debug|Any CPU
		{202CA247-7835-4ABA-88B8-FA1D0932A427}.Release|Any CPU.Build.0 = Release|Any CPU
		{202CA247-7835-4ABA-88B8-FA1D0932A427}.Release|Any CPU.ActiveCfg = Release|Any CPU
	EndGlobalSection
EndGlobal
