
Microsoft Visual Studio Solution File, Format Version 11.00
# Visual Studio 2010
# SharpDevelop 4.4
Project("{FD48973F-F585-4F70-812B-4D0503B36CE9}") = "Phone Numbers", "Phone Numbers\Phone Numbers.pyproj", "{55EF1EAF-AF45-4711-A9A1-60930F95E3B2}"
EndProject
Global
	GlobalSection(SolutionConfigurationPlatforms) = preSolution
		Debug|Any CPU = Debug|Any CPU
		Release|Any CPU = Release|Any CPU
	EndGlobalSection
	GlobalSection(ProjectConfigurationPlatforms) = postSolution
		{55EF1EAF-AF45-4711-A9A1-60930F95E3B2}.Debug|Any CPU.Build.0 = Debug|Any CPU
		{55EF1EAF-AF45-4711-A9A1-60930F95E3B2}.Debug|Any CPU.ActiveCfg = Debug|Any CPU
		{55EF1EAF-AF45-4711-A9A1-60930F95E3B2}.Release|Any CPU.Build.0 = Release|Any CPU
		{55EF1EAF-AF45-4711-A9A1-60930F95E3B2}.Release|Any CPU.ActiveCfg = Release|Any CPU
	EndGlobalSection
EndGlobal
