
Microsoft Visual Studio Solution File, Format Version 11.00
# Visual Studio 2010
# SharpDevelop 4.4
Project("{FD48973F-F585-4F70-812B-4D0503B36CE9}") = "prog119", "prog119\prog119.pyproj", "{CB38DCD2-AFC4-4474-9249-107466026D68}"
EndProject
Global
	GlobalSection(SolutionConfigurationPlatforms) = preSolution
		Debug|Any CPU = Debug|Any CPU
		Release|Any CPU = Release|Any CPU
	EndGlobalSection
	GlobalSection(ProjectConfigurationPlatforms) = postSolution
		{CB38DCD2-AFC4-4474-9249-107466026D68}.Debug|Any CPU.Build.0 = Debug|Any CPU
		{CB38DCD2-AFC4-4474-9249-107466026D68}.Debug|Any CPU.ActiveCfg = Debug|Any CPU
		{CB38DCD2-AFC4-4474-9249-107466026D68}.Release|Any CPU.Build.0 = Release|Any CPU
		{CB38DCD2-AFC4-4474-9249-107466026D68}.Release|Any CPU.ActiveCfg = Release|Any CPU
	EndGlobalSection
EndGlobal
